
Microsoft Visual Studio Solution File, Format Version 12.00
# Visual Studio Version 17
VisualStudioVersion = 17.8.34330.188
MinimumVisualStudioVersion = 10.0.40219.1
Project("{9A19103F-16F7-4668-BE54-9A1E7A4F7556}") = "BulkyBookWeb", "BulkyWeb\BulkyBookWeb.csproj", "{2E4ED837-A752-476E-918F-0580B8BF5845}"
EndProject
Project("{9A19103F-16F7-4668-BE54-9A1E7A4F7556}") = "BulkyBook.DataAccess", "Bulky.DataAccess\BulkyBook.DataAccess.csproj", "{3FCF0E94-563B-4AD5-9A43-2C93ED37625E}"
EndProject
Project("{9A19103F-16F7-4668-BE54-9A1E7A4F7556}") = "BulkyBook.Models", "Bulky.Models\BulkyBook.Models.csproj", "{0896F09F-40E1-4BF2-8E02-24FA4F9F6334}"
EndProject
Project("{9A19103F-16F7-4668-BE54-9A1E7A4F7556}") = "BulkyBook.Utility", "Bulky.Utility\BulkyBook.Utility.csproj", "{0FD66B6E-6A9B-4DCA-8C2C-F75FA3D47BB4}"
EndProject
Global
	GlobalSection(SolutionConfigurationPlatforms) = preSolution
		Debug|Any CPU = Debug|Any CPU
		Release|Any CPU = Release|Any CPU
	EndGlobalSection
	GlobalSection(ProjectConfigurationPlatforms) = postSolution
		{2E4ED837-A752-476E-918F-0580B8BF5845}.Debug|Any CPU.ActiveCfg = Debug|Any CPU
		{2E4ED837-A752-476E-918F-0580B8BF5845}.Debug|Any CPU.Build.0 = Debug|Any CPU
		{2E4ED837-A752-476E-918F-0580B8BF5845}.Release|Any CPU.ActiveCfg = Release|Any CPU
		{2E4ED837-A752-476E-918F-0580B8BF5845}.Release|Any CPU.Build.0 = Release|Any CPU
		{3FCF0E94-563B-4AD5-9A43-2C93ED37625E}.Debug|Any CPU.ActiveCfg = Debug|Any CPU
		{3FCF0E94-563B-4AD5-9A43-2C93ED37625E}.Debug|Any CPU.Build.0 = Debug|Any CPU
		{3FCF0E94-563B-4AD5-9A43-2C93ED37625E}.Release|Any CPU.ActiveCfg = Release|Any CPU
		{3FCF0E94-563B-4AD5-9A43-2C93ED37625E}.Release|Any CPU.Build.0 = Release|Any CPU
		{0896F09F-40E1-4BF2-8E02-24FA4F9F6334}.Debug|Any CPU.ActiveCfg = Debug|Any CPU
		{0896F09F-40E1-4BF2-8E02-24FA4F9F6334}.Debug|Any CPU.Build.0 = Debug|Any CPU
		{0896F09F-40E1-4BF2-8E02-24FA4F9F6334}.Release|Any CPU.ActiveCfg = Release|Any CPU
		{0896F09F-40E1-4BF2-8E02-24FA4F9F6334}.Release|Any CPU.Build.0 = Release|Any CPU
		{0FD66B6E-6A9B-4DCA-8C2C-F75FA3D47BB4}.Debug|Any CPU.ActiveCfg = Debug|Any CPU
		{0FD66B6E-6A9B-4DCA-8C2C-F75FA3D47BB4}.Debug|Any CPU.Build.0 = Debug|Any CPU
		{0FD66B6E-6A9B-4DCA-8C2C-F75FA3D47BB4}.Release|Any CPU.ActiveCfg = Release|Any CPU
		{0FD66B6E-6A9B-4DCA-8C2C-F75FA3D47BB4}.Release|Any CPU.Build.0 = Release|Any CPU
	EndGlobalSection
	GlobalSection(SolutionProperties) = preSolution
		HideSolutionNode = FALSE
	EndGlobalSection
	GlobalSection(ExtensibilityGlobals) = postSolution
		SolutionGuid = {CF3185F2-2A98-4693-B1AD-1AE274FB4FB4}
	EndGlobalSection
EndGlobal
